
Microsoft Visual Studio Solution File, Format Version 12.00
# Visual Studio Version 17
VisualStudioVersion = 17.14.36518.9 d17.14
MinimumVisualStudioVersion = 10.0.40219.1
Project("{FAE04EC0-301F-11D3-BF4B-00C04F79EFBC}") = "Additional4", "Additional4\Additional4.csproj", "{DDB05222-22D2-4611-9E0C-21E284AE547F}"
EndProject
Global
	GlobalSection(SolutionConfigurationPlatforms) = preSolution
		Debug|Any CPU = Debug|Any CPU
		Release|Any CPU = Release|Any CPU
	EndGlobalSection
	GlobalSection(ProjectConfigurationPlatforms) = postSolution
		{DDB05222-22D2-4611-9E0C-21E284AE547F}.Debug|Any CPU.ActiveCfg = Debug|Any CPU
		{DDB05222-22D2-4611-9E0C-21E284AE547F}.Debug|Any CPU.Build.0 = Debug|Any CPU
		{DDB05222-22D2-4611-9E0C-21E284AE547F}.Release|Any CPU.ActiveCfg = Release|Any CPU
		{DDB05222-22D2-4611-9E0C-21E284AE547F}.Release|Any CPU.Build.0 = Release|Any CPU
	EndGlobalSection
	GlobalSection(SolutionProperties) = preSolution
		HideSolutionNode = FALSE
	EndGlobalSection
	GlobalSection(ExtensibilityGlobals) = postSolution
		SolutionGuid = {CE78FCC5-A9FC-4B55-95C0-4F3CD9BC4B48}
	EndGlobalSection
EndGlobal
